
Microsoft Visual Studio Solution File, Format Version 12.00
# Visual Studio Express 2013 for Windows Desktop
VisualStudioVersion = 12.0.21005.1
MinimumVisualStudioVersion = 10.0.40219.1
Project("{FAE04EC0-301F-11D3-BF4B-00C04F79EFBC}") = "Pi_to_N", "Pi_to_N\Pi_to_N.csproj", "{1853A27D-9A90-4058-BC0C-2535C3AE7389}"
EndProject
Project("{FAE04EC0-301F-11D3-BF4B-00C04F79EFBC}") = "Fibonacci_to_N", "Fibonacci_to_N\Fibonacci_to_N.csproj", "{249BE1ED-F1F4-4B82-91B6-879C9F52CEBA}"
EndProject
Project("{FAE04EC0-301F-11D3-BF4B-00C04F79EFBC}") = "PrimeFactorization", "PrimeFactorization\PrimeFactorization.csproj", "{D6F45429-7F09-4503-A95A-84E8F41FC1DD}"
EndProject
Project("{FAE04EC0-301F-11D3-BF4B-00C04F79EFBC}") = "NextPrime", "NextPrime\NextPrime.csproj", "{61087186-8EB8-4C9B-A42D-FF62200B53A9}"
EndProject
Project("{FAE04EC0-301F-11D3-BF4B-00C04F79EFBC}") = "TileCost", "TileCost\TileCost.csproj", "{ED4900F6-9B0F-45EB-B1E5-549B0C49755E}"
EndProject
Project("{FAE04EC0-301F-11D3-BF4B-00C04F79EFBC}") = "ChangeReturn", "ChangeReturn\ChangeReturn.csproj", "{4CBEEBC6-4E89-499E-8B4D-902497EB79EA}"
Project("{FAE04EC0-301F-11D3-BF4B-00C04F79EFBC}") = "MortgageCalc", "MortgageCalc\MortgageCalc.csproj", "{6EE63C9B-53BC-4102-9889-E86B95232F6D}"
EndProject
Project("{FAE04EC0-301F-11D3-BF4B-00C04F79EFBC}") = "bin2dec2bin", "bin2dec2bin\bin2dec2bin.csproj", "{B9B1C2D9-13D8-4759-B611-D06E5866C0BA}"
EndProject
Project("{FAE04EC0-301F-11D3-BF4B-00C04F79EFBC}") = "SharedClasses", "SharedClasses\SharedClasses.csproj", "{B983CEE2-0DEF-45C7-9043-294F9093555E}"
EndProject
Global
	GlobalSection(SolutionConfigurationPlatforms) = preSolution
		Debug|Any CPU = Debug|Any CPU
		Release|Any CPU = Release|Any CPU
	EndGlobalSection
	GlobalSection(ProjectConfigurationPlatforms) = postSolution
		{1853A27D-9A90-4058-BC0C-2535C3AE7389}.Debug|Any CPU.ActiveCfg = Debug|Any CPU
		{1853A27D-9A90-4058-BC0C-2535C3AE7389}.Debug|Any CPU.Build.0 = Debug|Any CPU
		{1853A27D-9A90-4058-BC0C-2535C3AE7389}.Release|Any CPU.ActiveCfg = Release|Any CPU
		{1853A27D-9A90-4058-BC0C-2535C3AE7389}.Release|Any CPU.Build.0 = Release|Any CPU
		{249BE1ED-F1F4-4B82-91B6-879C9F52CEBA}.Debug|Any CPU.ActiveCfg = Debug|Any CPU
		{249BE1ED-F1F4-4B82-91B6-879C9F52CEBA}.Debug|Any CPU.Build.0 = Debug|Any CPU
		{249BE1ED-F1F4-4B82-91B6-879C9F52CEBA}.Release|Any CPU.ActiveCfg = Release|Any CPU
		{249BE1ED-F1F4-4B82-91B6-879C9F52CEBA}.Release|Any CPU.Build.0 = Release|Any CPU
		{D6F45429-7F09-4503-A95A-84E8F41FC1DD}.Debug|Any CPU.ActiveCfg = Debug|Any CPU
		{D6F45429-7F09-4503-A95A-84E8F41FC1DD}.Debug|Any CPU.Build.0 = Debug|Any CPU
		{D6F45429-7F09-4503-A95A-84E8F41FC1DD}.Release|Any CPU.ActiveCfg = Release|Any CPU
		{D6F45429-7F09-4503-A95A-84E8F41FC1DD}.Release|Any CPU.Build.0 = Release|Any CPU
		{61087186-8EB8-4C9B-A42D-FF62200B53A9}.Debug|Any CPU.ActiveCfg = Debug|Any CPU
		{61087186-8EB8-4C9B-A42D-FF62200B53A9}.Debug|Any CPU.Build.0 = Debug|Any CPU
		{61087186-8EB8-4C9B-A42D-FF62200B53A9}.Release|Any CPU.ActiveCfg = Release|Any CPU
		{61087186-8EB8-4C9B-A42D-FF62200B53A9}.Release|Any CPU.Build.0 = Release|Any CPU
		{ED4900F6-9B0F-45EB-B1E5-549B0C49755E}.Debug|Any CPU.ActiveCfg = Debug|Any CPU
		{ED4900F6-9B0F-45EB-B1E5-549B0C49755E}.Debug|Any CPU.Build.0 = Debug|Any CPU
		{ED4900F6-9B0F-45EB-B1E5-549B0C49755E}.Release|Any CPU.ActiveCfg = Release|Any CPU
		{ED4900F6-9B0F-45EB-B1E5-549B0C49755E}.Release|Any CPU.Build.0 = Release|Any CPU
		{4CBEEBC6-4E89-499E-8B4D-902497EB79EA}.Debug|Any CPU.ActiveCfg = Debug|Any CPU
		{4CBEEBC6-4E89-499E-8B4D-902497EB79EA}.Debug|Any CPU.Build.0 = Debug|Any CPU
		{4CBEEBC6-4E89-499E-8B4D-902497EB79EA}.Release|Any CPU.ActiveCfg = Release|Any CPU
		{4CBEEBC6-4E89-499E-8B4D-902497EB79EA}.Release|Any CPU.Build.0 = Release|Any CPU
		{6EE63C9B-53BC-4102-9889-E86B95232F6D}.Debug|Any CPU.ActiveCfg = Debug|Any CPU
		{6EE63C9B-53BC-4102-9889-E86B95232F6D}.Debug|Any CPU.Build.0 = Debug|Any CPU
		{6EE63C9B-53BC-4102-9889-E86B95232F6D}.Release|Any CPU.ActiveCfg = Release|Any CPU
		{6EE63C9B-53BC-4102-9889-E86B95232F6D}.Release|Any CPU.Build.0 = Release|Any CPU
		{B9B1C2D9-13D8-4759-B611-D06E5866C0BA}.Debug|Any CPU.ActiveCfg = Debug|Any CPU
		{B9B1C2D9-13D8-4759-B611-D06E5866C0BA}.Debug|Any CPU.Build.0 = Debug|Any CPU
		{B9B1C2D9-13D8-4759-B611-D06E5866C0BA}.Release|Any CPU.ActiveCfg = Release|Any CPU
		{B9B1C2D9-13D8-4759-B611-D06E5866C0BA}.Release|Any CPU.Build.0 = Release|Any CPU
		{B983CEE2-0DEF-45C7-9043-294F9093555E}.Debug|Any CPU.ActiveCfg = Debug|Any CPU
		{B983CEE2-0DEF-45C7-9043-294F9093555E}.Debug|Any CPU.Build.0 = Debug|Any CPU
		{B983CEE2-0DEF-45C7-9043-294F9093555E}.Release|Any CPU.ActiveCfg = Release|Any CPU
		{B983CEE2-0DEF-45C7-9043-294F9093555E}.Release|Any CPU.Build.0 = Release|Any CPU
	EndGlobalSection
	GlobalSection(SolutionProperties) = preSolution
		HideSolutionNode = FALSE
	EndGlobalSection
EndGlobal
